
Microsoft Visual Studio Solution File, Format Version 12.00
# Visual Studio Version 17
VisualStudioVersion = 17.1.32319.34
MinimumVisualStudioVersion = 10.0.40219.1
Project("{9A19103F-16F7-4668-BE54-9A1E7A4F7556}") = "PlaceAnalyzer", "PlaceAnalyzer\PlaceAnalyzer.csproj", "{5FDB6998-C119-439F-B7A3-2D2CEAB8AA01}"
EndProject
Project("{2150E333-8FDC-42A3-9474-1A3956D46DE8}") = "Solution Items", "Solution Items", "{0A4D5D92-4C32-4647-B001-607D06CFF278}"
	ProjectSection(SolutionItems) = preProject
		.editorconfig = .editorconfig
	EndProjectSection
EndProject
Project("{FAE04EC0-301F-11D3-BF4B-00C04F79EFBC}") = "PlaceStitcher", "PlaceStitcher\PlaceStitcher.csproj", "{16AC7D72-C229-4A9A-A1D2-C337FD6CB370}"
EndProject
Global
	GlobalSection(SolutionConfigurationPlatforms) = preSolution
		Debug|Any CPU = Debug|Any CPU
		Release|Any CPU = Release|Any CPU
	EndGlobalSection
	GlobalSection(ProjectConfigurationPlatforms) = postSolution
		{5FDB6998-C119-439F-B7A3-2D2CEAB8AA01}.Debug|Any CPU.ActiveCfg = Debug|Any CPU
		{5FDB6998-C119-439F-B7A3-2D2CEAB8AA01}.Debug|Any CPU.Build.0 = Debug|Any CPU
		{5FDB6998-C119-439F-B7A3-2D2CEAB8AA01}.Release|Any CPU.ActiveCfg = Release|Any CPU
		{5FDB6998-C119-439F-B7A3-2D2CEAB8AA01}.Release|Any CPU.Build.0 = Release|Any CPU
		{16AC7D72-C229-4A9A-A1D2-C337FD6CB370}.Debug|Any CPU.ActiveCfg = Debug|Any CPU
		{16AC7D72-C229-4A9A-A1D2-C337FD6CB370}.Debug|Any CPU.Build.0 = Debug|Any CPU
		{16AC7D72-C229-4A9A-A1D2-C337FD6CB370}.Release|Any CPU.ActiveCfg = Release|Any CPU
		{16AC7D72-C229-4A9A-A1D2-C337FD6CB370}.Release|Any CPU.Build.0 = Release|Any CPU
	EndGlobalSection
	GlobalSection(SolutionProperties) = preSolution
		HideSolutionNode = FALSE
	EndGlobalSection
	GlobalSection(ExtensibilityGlobals) = postSolution
		SolutionGuid = {52679D43-379A-47C0-95AE-9777552DBD93}
	EndGlobalSection
EndGlobal
